
Microsoft Visual Studio Solution File, Format Version 12.00
# Visual Studio 15
VisualStudioVersion = 15.0.28307.572
MinimumVisualStudioVersion = 10.0.40219.1
Project("{FAE04EC0-301F-11D3-BF4B-00C04F79EFBC}") = "WebAPI_Team", "WebAPI_Team\WebAPI_Team.csproj", "{BBDDB91A-FA98-46AD-A689-DCE3ECAA3395}"
EndProject
Global
	GlobalSection(SolutionConfigurationPlatforms) = preSolution
		Debug|Any CPU = Debug|Any CPU
		Release|Any CPU = Release|Any CPU
	EndGlobalSection
	GlobalSection(ProjectConfigurationPlatforms) = postSolution
		{BBDDB91A-FA98-46AD-A689-DCE3ECAA3395}.Debug|Any CPU.ActiveCfg = Debug|Any CPU
		{BBDDB91A-FA98-46AD-A689-DCE3ECAA3395}.Debug|Any CPU.Build.0 = Debug|Any CPU
		{BBDDB91A-FA98-46AD-A689-DCE3ECAA3395}.Release|Any CPU.ActiveCfg = Release|Any CPU
		{BBDDB91A-FA98-46AD-A689-DCE3ECAA3395}.Release|Any CPU.Build.0 = Release|Any CPU
	EndGlobalSection
	GlobalSection(SolutionProperties) = preSolution
		HideSolutionNode = FALSE
	EndGlobalSection
	GlobalSection(ExtensibilityGlobals) = postSolution
		SolutionGuid = {72EF376C-265B-4413-B3A4-9BFD71DDEDD3}
	EndGlobalSection
EndGlobal
